
Microsoft Visual Studio Solution File, Format Version 12.00
# Visual Studio Version 16
VisualStudioVersion = 16.0.32228.343
MinimumVisualStudioVersion = 10.0.40219.1
Project("{FAE04EC0-301F-11D3-BF4B-00C04F79EFBC}") = "cs-gui-calculator", "cs-gui-calculator.csproj", "{397AA92D-96E3-4C75-8F2A-9C9E0361AAFE}"
EndProject
Global
	GlobalSection(SolutionConfigurationPlatforms) = preSolution
		Debug|Any CPU = Debug|Any CPU
		Release|Any CPU = Release|Any CPU
	EndGlobalSection
	GlobalSection(ProjectConfigurationPlatforms) = postSolution
		{397AA92D-96E3-4C75-8F2A-9C9E0361AAFE}.Debug|Any CPU.ActiveCfg = Debug|Any CPU
		{397AA92D-96E3-4C75-8F2A-9C9E0361AAFE}.Debug|Any CPU.Build.0 = Debug|Any CPU
		{397AA92D-96E3-4C75-8F2A-9C9E0361AAFE}.Release|Any CPU.ActiveCfg = Release|Any CPU
		{397AA92D-96E3-4C75-8F2A-9C9E0361AAFE}.Release|Any CPU.Build.0 = Release|Any CPU
	EndGlobalSection
	GlobalSection(SolutionProperties) = preSolution
		HideSolutionNode = FALSE
	EndGlobalSection
	GlobalSection(ExtensibilityGlobals) = postSolution
		SolutionGuid = {9E7FF603-8692-4C45-8D54-66E0953DA1E3}
	EndGlobalSection
EndGlobal
